
Microsoft Visual Studio Solution File, Format Version 12.00
# Visual Studio 15
VisualStudioVersion = 15.0.28307.572
MinimumVisualStudioVersion = 10.0.40219.1
Project("{8BC9CEB8-8B4A-11D0-8D11-00A0C91BC942}") = "BLIND_BANK", "BLIND_BANK\BLIND_BANK.vcxproj", "{ABB9D01E-E609-47AB-984D-E366C69B79CC}"
EndProject
Global
	GlobalSection(SolutionConfigurationPlatforms) = preSolution
		Debug|x64 = Debug|x64
		Debug|x86 = Debug|x86
		Release|x64 = Release|x64
		Release|x86 = Release|x86
	EndGlobalSection
	GlobalSection(ProjectConfigurationPlatforms) = postSolution
		{ABB9D01E-E609-47AB-984D-E366C69B79CC}.Debug|x64.ActiveCfg = Debug|x64
		{ABB9D01E-E609-47AB-984D-E366C69B79CC}.Debug|x64.Build.0 = Debug|x64
		{ABB9D01E-E609-47AB-984D-E366C69B79CC}.Debug|x86.ActiveCfg = Debug|Win32
		{ABB9D01E-E609-47AB-984D-E366C69B79CC}.Debug|x86.Build.0 = Debug|Win32
		{ABB9D01E-E609-47AB-984D-E366C69B79CC}.Release|x64.ActiveCfg = Release|x64
		{ABB9D01E-E609-47AB-984D-E366C69B79CC}.Release|x64.Build.0 = Release|x64
		{ABB9D01E-E609-47AB-984D-E366C69B79CC}.Release|x86.ActiveCfg = Release|Win32
		{ABB9D01E-E609-47AB-984D-E366C69B79CC}.Release|x86.Build.0 = Release|Win32
	EndGlobalSection
	GlobalSection(SolutionProperties) = preSolution
		HideSolutionNode = FALSE
	EndGlobalSection
	GlobalSection(ExtensibilityGlobals) = postSolution
		SolutionGuid = {542E6BFA-89DA-4E30-8329-3CFD9F4D264F}
	EndGlobalSection
EndGlobal
